# This file is autogenerated, do not edit; changes may be undone by the next 'dep ensure'.


[[projects]]
  branch = "alpha"
  name = "github.com/ONSdigital/git-diff-check"
  packages = ["diffcheck","rule"]
  revision = "4bab7e6504ccf7196af0eb277fd9b44d7253c8f4"

[[projects]]
  name = "github.com/gorilla/context"
  packages = ["."]
  revision = "1ea25387ff6f684839d82767c1733ff4d4d15d0a"
  version = "v1.1"

[[projects]]
  name = "github.com/gorilla/mux"
  packages = ["."]
  revision = "7f08801859139f86dfafd1c296e2cba9a80d292e"
  version = "v1.6.0"

[solve-meta]
  analyzer-name = "dep"
  analyzer-version = 1
  inputs-digest = "5050134bdbfa49c5f210eeb460eb9b2a553461912c3f12c779920501837b65bf"
  solver-name = "gps-cdcl"
  solver-version = 1
